
Microsoft Visual Studio Solution File, Format Version 12.00
# Visual Studio Version 17
VisualStudioVersion = 17.9.34622.214
MinimumVisualStudioVersion = 10.0.40219.1
Project("{FAE04EC0-301F-11D3-BF4B-00C04F79EFBC}") = "ExamBreaker.API", "ExamBreaker.API\ExamBreaker.API.csproj", "{406F0E23-1BF7-4A97-AFF5-FF07D69A8181}"
EndProject
Global
	GlobalSection(SolutionConfigurationPlatforms) = preSolution
		Debug|Any CPU = Debug|Any CPU
		Release|Any CPU = Release|Any CPU
	EndGlobalSection
	GlobalSection(ProjectConfigurationPlatforms) = postSolution
		{406F0E23-1BF7-4A97-AFF5-FF07D69A8181}.Debug|Any CPU.ActiveCfg = Debug|Any CPU
		{406F0E23-1BF7-4A97-AFF5-FF07D69A8181}.Debug|Any CPU.Build.0 = Debug|Any CPU
		{406F0E23-1BF7-4A97-AFF5-FF07D69A8181}.Release|Any CPU.ActiveCfg = Release|Any CPU
		{406F0E23-1BF7-4A97-AFF5-FF07D69A8181}.Release|Any CPU.Build.0 = Release|Any CPU
	EndGlobalSection
	GlobalSection(SolutionProperties) = preSolution
		HideSolutionNode = FALSE
	EndGlobalSection
	GlobalSection(ExtensibilityGlobals) = postSolution
		SolutionGuid = {94E01F7B-68A5-4BF5-BAA2-75B475216D6F}
	EndGlobalSection
EndGlobal
